# THIS IS AN AUTOGENERATED FILE. DO NOT EDIT THIS FILE DIRECTLY.
# yarn lockfile v1


aria-query@^0.5.0:
  version "0.5.0"
  resolved "https://registry.yarnpkg.com/aria-query/-/aria-query-0.5.0.tgz#85e3152cd8cc5bab18dbed61cd9c4fce54fa79c3"
  dependencies:
    ast-types-flow "0.0.7"

array-includes@^3.0.3:
  version "3.0.3"
  resolved "https://registry.yarnpkg.com/array-includes/-/array-includes-3.0.3.tgz#184b48f62d92d7452bb31b323165c7f8bd02266d"
  dependencies:
    define-properties "^1.1.2"
    es-abstract "^1.7.0"

ast-types-flow@0.0.7:
  version "0.0.7"
  resolved "https://registry.yarnpkg.com/ast-types-flow/-/ast-types-flow-0.0.7.tgz#f70b735c6bca1a5c9c22d982c3e39e7feba3bdad"

axobject-query@^0.1.0:
  version "0.1.0"
  resolved "https://registry.yarnpkg.com/axobject-query/-/axobject-query-0.1.0.tgz#62f59dbc59c9f9242759ca349960e7a2fe3c36c0"
  dependencies:
    ast-types-flow "0.0.7"

balanced-match@^0.4.1:
  version "0.4.2"
  resolved "https://registry.yarnpkg.com/balanced-match/-/balanced-match-0.4.2.tgz#cb3f3e3c732dc0f01ee70b403f302e61d7709838"

brace-expansion@^1.1.7:
  version "1.1.7"
  resolved "https://registry.yarnpkg.com/brace-expansion/-/brace-expansion-1.1.7.tgz#3effc3c50e000531fb720eaff80f0ae8ef23cf59"
  dependencies:
    balanced-match "^0.4.1"
    concat-map "0.0.1"

builtin-modules@^1.0.0, builtin-modules@^1.1.1:
  version "1.1.1"
  resolved "https://registry.yarnpkg.com/builtin-modules/-/builtin-modules-1.1.1.tgz#270f076c5a72c02f5b65a47df94c5fe3a278892f"

concat-map@0.0.1:
  version "0.0.1"
  resolved "https://registry.yarnpkg.com/concat-map/-/concat-map-0.0.1.tgz#d8a96bd77fd68df7793a73036a3ba0d5405d477b"

contains-path@^0.1.0:
  version "0.1.0"
  resolved "https://registry.yarnpkg.com/contains-path/-/contains-path-0.1.0.tgz#fe8cf184ff6670b6baef01a9d4861a5cbec4120a"

damerau-levenshtein@^1.0.0:
  version "1.0.4"
  resolved "https://registry.yarnpkg.com/damerau-levenshtein/-/damerau-levenshtein-1.0.4.tgz#03191c432cb6eea168bb77f3a55ffdccb8978514"

debug@2.2.0:
  version "2.2.0"
  resolved "https://registry.yarnpkg.com/debug/-/debug-2.2.0.tgz#f87057e995b1a1f6ae6a4960664137bc56f039da"
  dependencies:
    ms "0.7.1"

debug@^2.2.0:
  version "2.6.8"
  resolved "https://registry.yarnpkg.com/debug/-/debug-2.6.8.tgz#e731531ca2ede27d188222427da17821d68ff4fc"
  dependencies:
    ms "2.0.0"

define-properties@^1.1.2:
  version "1.1.2"
  resolved "https://registry.yarnpkg.com/define-properties/-/define-properties-1.1.2.tgz#83a73f2fea569898fb737193c8f873caf6d45c94"
  dependencies:
    foreach "^2.0.5"
    object-keys "^1.0.8"

doctrine@1.5.0:
  version "1.5.0"
  resolved "https://registry.yarnpkg.com/doctrine/-/doctrine-1.5.0.tgz#379dce730f6166f76cefa4e6707a159b02c5a6fa"
  dependencies:
    esutils "^2.0.2"
    isarray "^1.0.0"

doctrine@^2.0.0:
  version "2.0.0"
  resolved "https://registry.yarnpkg.com/doctrine/-/doctrine-2.0.0.tgz#c73d8d2909d22291e1a007a395804da8b665fe63"
  dependencies:
    esutils "^2.0.2"
    isarray "^1.0.0"

emoji-regex@^6.1.0:
  version "6.4.2"
  resolved "https://registry.yarnpkg.com/emoji-regex/-/emoji-regex-6.4.2.tgz#a30b6fee353d406d96cfb9fa765bdc82897eff6e"

error-ex@^1.2.0:
  version "1.3.1"
  resolved "https://registry.yarnpkg.com/error-ex/-/error-ex-1.3.1.tgz#f855a86ce61adc4e8621c3cda21e7a7612c3a8dc"
  dependencies:
    is-arrayish "^0.2.1"

es-abstract@^1.7.0:
  version "1.7.0"
  resolved "https://registry.yarnpkg.com/es-abstract/-/es-abstract-1.7.0.tgz#dfade774e01bfcd97f96180298c449c8623fb94c"
  dependencies:
    es-to-primitive "^1.1.1"
    function-bind "^1.1.0"
    is-callable "^1.1.3"
    is-regex "^1.0.3"

es-to-primitive@^1.1.1:
  version "1.1.1"
  resolved "https://registry.yarnpkg.com/es-to-primitive/-/es-to-primitive-1.1.1.tgz#45355248a88979034b6792e19bb81f2b7975dd0d"
  dependencies:
    is-callable "^1.1.1"
    is-date-object "^1.0.1"
    is-symbol "^1.0.1"

eslint-config-airbnb-base@^11.2.0:
  version "11.2.0"
  resolved "https://registry.yarnpkg.com/eslint-config-airbnb-base/-/eslint-config-airbnb-base-11.2.0.tgz#19a9dc4481a26f70904545ec040116876018f853"

eslint-config-airbnb@^15.0.1:
  version "15.0.1"
  resolved "https://registry.yarnpkg.com/eslint-config-airbnb/-/eslint-config-airbnb-15.0.1.tgz#7b5188e5b7c74b9b2ce639fd5e1daba8fd761aed"
  dependencies:
    eslint-config-airbnb-base "^11.2.0"

eslint-import-resolver-node@^0.2.0:
  version "0.2.3"
  resolved "https://registry.yarnpkg.com/eslint-import-resolver-node/-/eslint-import-resolver-node-0.2.3.tgz#5add8106e8c928db2cba232bcd9efa846e3da16c"
  dependencies:
    debug "^2.2.0"
    object-assign "^4.0.1"
    resolve "^1.1.6"

eslint-module-utils@^2.0.0:
  version "2.0.0"
  resolved "https://registry.yarnpkg.com/eslint-module-utils/-/eslint-module-utils-2.0.0.tgz#a6f8c21d901358759cdc35dbac1982ae1ee58bce"
  dependencies:
    debug "2.2.0"
    pkg-dir "^1.0.0"

eslint-plugin-import@^2.3.0:
  version "2.3.0"
  resolved "https://registry.yarnpkg.com/eslint-plugin-import/-/eslint-plugin-import-2.3.0.tgz#37c801e0ada0e296cbdf20c3f393acb5b52af36b"
  dependencies:
    builtin-modules "^1.1.1"
    contains-path "^0.1.0"
    debug "^2.2.0"
    doctrine "1.5.0"
    eslint-import-resolver-node "^0.2.0"
    eslint-module-utils "^2.0.0"
    has "^1.0.1"
    lodash.cond "^4.3.0"
    minimatch "^3.0.3"
    read-pkg-up "^2.0.0"

eslint-plugin-jest@^20.0.3:
  version "20.0.3"
  resolved "https://registry.yarnpkg.com/eslint-plugin-jest/-/eslint-plugin-jest-20.0.3.tgz#ec15eba6ac0ab44a67ebf6e02672ca9d7e7cba29"

eslint-plugin-jsx-a11y@^5.0.3:
  version "5.0.3"
  resolved "https://registry.yarnpkg.com/eslint-plugin-jsx-a11y/-/eslint-plugin-jsx-a11y-5.0.3.tgz#4a939f76ec125010528823331bf948cc573380b6"
  dependencies:
    aria-query "^0.5.0"
    array-includes "^3.0.3"
    ast-types-flow "0.0.7"
    axobject-query "^0.1.0"
    damerau-levenshtein "^1.0.0"
    emoji-regex "^6.1.0"
    jsx-ast-utils "^1.4.0"

eslint-plugin-react@^7.0.1:
  version "7.0.1"
  resolved "https://registry.yarnpkg.com/eslint-plugin-react/-/eslint-plugin-react-7.0.1.tgz#e78107e1e559c6e2b17786bb67c2e2a010ad0d2f"
  dependencies:
    doctrine "^2.0.0"
    has "^1.0.1"
    jsx-ast-utils "^1.3.4"

esutils@^2.0.2:
  version "2.0.2"
  resolved "https://registry.yarnpkg.com/esutils/-/esutils-2.0.2.tgz#0abf4f1caa5bcb1f7a9d8acc6dea4faaa04bac9b"

find-up@^1.0.0:
  version "1.1.2"
  resolved "https://registry.yarnpkg.com/find-up/-/find-up-1.1.2.tgz#6b2e9822b1a2ce0a60ab64d610eccad53cb24d0f"
  dependencies:
    path-exists "^2.0.0"
    pinkie-promise "^2.0.0"

find-up@^2.0.0:
  version "2.1.0"
  resolved "https://registry.yarnpkg.com/find-up/-/find-up-2.1.0.tgz#45d1b7e506c717ddd482775a2b77920a3c0c57a7"
  dependencies:
    locate-path "^2.0.0"

foreach@^2.0.5:
  version "2.0.5"
  resolved "https://registry.yarnpkg.com/foreach/-/foreach-2.0.5.tgz#0bee005018aeb260d0a3af3ae658dd0136ec1b99"

function-bind@^1.0.2, function-bind@^1.1.0:
  version "1.1.0"
  resolved "https://registry.yarnpkg.com/function-bind/-/function-bind-1.1.0.tgz#16176714c801798e4e8f2cf7f7529467bb4a5771"

graceful-fs@^4.1.2:
  version "4.1.11"
  resolved "https://registry.yarnpkg.com/graceful-fs/-/graceful-fs-4.1.11.tgz#0e8bdfe4d1ddb8854d64e04ea7c00e2a026e5658"

has@^1.0.1:
  version "1.0.1"
  resolved "https://registry.yarnpkg.com/has/-/has-1.0.1.tgz#8461733f538b0837c9361e39a9ab9e9704dc2f28"
  dependencies:
    function-bind "^1.0.2"

hosted-git-info@^2.1.4:
  version "2.4.2"
  resolved "https://registry.yarnpkg.com/hosted-git-info/-/hosted-git-info-2.4.2.tgz#0076b9f46a270506ddbaaea56496897460612a67"

is-arrayish@^0.2.1:
  version "0.2.1"
  resolved "https://registry.yarnpkg.com/is-arrayish/-/is-arrayish-0.2.1.tgz#77c99840527aa8ecb1a8ba697b80645a7a926a9d"

is-builtin-module@^1.0.0:
  version "1.0.0"
  resolved "https://registry.yarnpkg.com/is-builtin-module/-/is-builtin-module-1.0.0.tgz#540572d34f7ac3119f8f76c30cbc1b1e037affbe"
  dependencies:
    builtin-modules "^1.0.0"

is-callable@^1.1.1, is-callable@^1.1.3:
  version "1.1.3"
  resolved "https://registry.yarnpkg.com/is-callable/-/is-callable-1.1.3.tgz#86eb75392805ddc33af71c92a0eedf74ee7604b2"

is-date-object@^1.0.1:
  version "1.0.1"
  resolved "https://registry.yarnpkg.com/is-date-object/-/is-date-object-1.0.1.tgz#9aa20eb6aeebbff77fbd33e74ca01b33581d3a16"

is-regex@^1.0.3:
  version "1.0.4"
  resolved "https://registry.yarnpkg.com/is-regex/-/is-regex-1.0.4.tgz#5517489b547091b0930e095654ced25ee97e9491"
  dependencies:
    has "^1.0.1"

is-symbol@^1.0.1:
  version "1.0.1"
  resolved "https://registry.yarnpkg.com/is-symbol/-/is-symbol-1.0.1.tgz#3cc59f00025194b6ab2e38dbae6689256b660572"

isarray@^1.0.0:
  version "1.0.0"
  resolved "https://registry.yarnpkg.com/isarray/-/isarray-1.0.0.tgz#bb935d48582cba168c06834957a54a3e07124f11"

jsx-ast-utils@^1.3.4, jsx-ast-utils@^1.4.0:
  version "1.4.1"
  resolved "https://registry.yarnpkg.com/jsx-ast-utils/-/jsx-ast-utils-1.4.1.tgz#3867213e8dd79bf1e8f2300c0cfc1efb182c0df1"

load-json-file@^2.0.0:
  version "2.0.0"
  resolved "https://registry.yarnpkg.com/load-json-file/-/load-json-file-2.0.0.tgz#7947e42149af80d696cbf797bcaabcfe1fe29ca8"
  dependencies:
    graceful-fs "^4.1.2"
    parse-json "^2.2.0"
    pify "^2.0.0"
    strip-bom "^3.0.0"

locate-path@^2.0.0:
  version "2.0.0"
  resolved "https://registry.yarnpkg.com/locate-path/-/locate-path-2.0.0.tgz#2b568b265eec944c6d9c0de9c3dbbbca0354cd8e"
  dependencies:
    p-locate "^2.0.0"
    path-exists "^3.0.0"

lodash.cond@^4.3.0:
  version "4.5.2"
  resolved "https://registry.yarnpkg.com/lodash.cond/-/lodash.cond-4.5.2.tgz#f471a1da486be60f6ab955d17115523dd1d255d5"

minimatch@^3.0.3:
  version "3.0.4"
  resolved "https://registry.yarnpkg.com/minimatch/-/minimatch-3.0.4.tgz#5166e286457f03306064be5497e8dbb0c3d32083"
  dependencies:
    brace-expansion "^1.1.7"

ms@0.7.1:
  version "0.7.1"
  resolved "https://registry.yarnpkg.com/ms/-/ms-0.7.1.tgz#9cd13c03adbff25b65effde7ce864ee952017098"

ms@2.0.0:
  version "2.0.0"
  resolved "https://registry.yarnpkg.com/ms/-/ms-2.0.0.tgz#5608aeadfc00be6c2901df5f9861788de0d597c8"

normalize-package-data@^2.3.2:
  version "2.3.8"
  resolved "https://registry.yarnpkg.com/normalize-package-data/-/normalize-package-data-2.3.8.tgz#d819eda2a9dedbd1ffa563ea4071d936782295bb"
  dependencies:
    hosted-git-info "^2.1.4"
    is-builtin-module "^1.0.0"
    semver "2 || 3 || 4 || 5"
    validate-npm-package-license "^3.0.1"

object-assign@^4.0.1:
  version "4.1.1"
  resolved "https://registry.yarnpkg.com/object-assign/-/object-assign-4.1.1.tgz#2109adc7965887cfc05cbbd442cac8bfbb360863"

object-keys@^1.0.8:
  version "1.0.11"
  resolved "https://registry.yarnpkg.com/object-keys/-/object-keys-1.0.11.tgz#c54601778ad560f1142ce0e01bcca8b56d13426d"

p-limit@^1.1.0:
  version "1.1.0"
  resolved "https://registry.yarnpkg.com/p-limit/-/p-limit-1.1.0.tgz#b07ff2d9a5d88bec806035895a2bab66a27988bc"

p-locate@^2.0.0:
  version "2.0.0"
  resolved "https://registry.yarnpkg.com/p-locate/-/p-locate-2.0.0.tgz#20a0103b222a70c8fd39cc2e580680f3dde5ec43"
  dependencies:
    p-limit "^1.1.0"

parse-json@^2.2.0:
  version "2.2.0"
  resolved "https://registry.yarnpkg.com/parse-json/-/parse-json-2.2.0.tgz#f480f40434ef80741f8469099f8dea18f55a4dc9"
  dependencies:
    error-ex "^1.2.0"

path-exists@^2.0.0:
  version "2.1.0"
  resolved "https://registry.yarnpkg.com/path-exists/-/path-exists-2.1.0.tgz#0feb6c64f0fc518d9a754dd5efb62c7022761f4b"
  dependencies:
    pinkie-promise "^2.0.0"

path-exists@^3.0.0:
  version "3.0.0"
  resolved "https://registry.yarnpkg.com/path-exists/-/path-exists-3.0.0.tgz#ce0ebeaa5f78cb18925ea7d810d7b59b010fd515"

path-parse@^1.0.5:
  version "1.0.5"
  resolved "https://registry.yarnpkg.com/path-parse/-/path-parse-1.0.5.tgz#3c1adf871ea9cd6c9431b6ea2bd74a0ff055c4c1"

path-type@^2.0.0:
  version "2.0.0"
  resolved "https://registry.yarnpkg.com/path-type/-/path-type-2.0.0.tgz#f012ccb8415b7096fc2daa1054c3d72389594c73"
  dependencies:
    pify "^2.0.0"

pify@^2.0.0:
  version "2.3.0"
  resolved "https://registry.yarnpkg.com/pify/-/pify-2.3.0.tgz#ed141a6ac043a849ea588498e7dca8b15330e90c"

pinkie-promise@^2.0.0:
  version "2.0.1"
  resolved "https://registry.yarnpkg.com/pinkie-promise/-/pinkie-promise-2.0.1.tgz#2135d6dfa7a358c069ac9b178776288228450ffa"
  dependencies:
    pinkie "^2.0.0"

pinkie@^2.0.0:
  version "2.0.4"
  resolved "https://registry.yarnpkg.com/pinkie/-/pinkie-2.0.4.tgz#72556b80cfa0d48a974e80e77248e80ed4f7f870"

pkg-dir@^1.0.0:
  version "1.0.0"
  resolved "https://registry.yarnpkg.com/pkg-dir/-/pkg-dir-1.0.0.tgz#7a4b508a8d5bb2d629d447056ff4e9c9314cf3d4"
  dependencies:
    find-up "^1.0.0"

read-pkg-up@^2.0.0:
  version "2.0.0"
  resolved "https://registry.yarnpkg.com/read-pkg-up/-/read-pkg-up-2.0.0.tgz#6b72a8048984e0c41e79510fd5e9fa99b3b549be"
  dependencies:
    find-up "^2.0.0"
    read-pkg "^2.0.0"

read-pkg@^2.0.0:
  version "2.0.0"
  resolved "https://registry.yarnpkg.com/read-pkg/-/read-pkg-2.0.0.tgz#8ef1c0623c6a6db0dc6713c4bfac46332b2368f8"
  dependencies:
    load-json-file "^2.0.0"
    normalize-package-data "^2.3.2"
    path-type "^2.0.0"

resolve@^1.1.6:
  version "1.3.3"
  resolved "https://registry.yarnpkg.com/resolve/-/resolve-1.3.3.tgz#655907c3469a8680dc2de3a275a8fdd69691f0e5"
  dependencies:
    path-parse "^1.0.5"

"semver@2 || 3 || 4 || 5":
  version "5.3.0"
  resolved "https://registry.yarnpkg.com/semver/-/semver-5.3.0.tgz#9b2ce5d3de02d17c6012ad326aa6b4d0cf54f94f"

spdx-correct@~1.0.0:
  version "1.0.2"
  resolved "https://registry.yarnpkg.com/spdx-correct/-/spdx-correct-1.0.2.tgz#4b3073d933ff51f3912f03ac5519498a4150db40"
  dependencies:
    spdx-license-ids "^1.0.2"

spdx-expression-parse@~1.0.0:
  version "1.0.4"
  resolved "https://registry.yarnpkg.com/spdx-expression-parse/-/spdx-expression-parse-1.0.4.tgz#9bdf2f20e1f40ed447fbe273266191fced51626c"

spdx-license-ids@^1.0.2:
  version "1.2.2"
  resolved "https://registry.yarnpkg.com/spdx-license-ids/-/spdx-license-ids-1.2.2.tgz#c9df7a3424594ade6bd11900d596696dc06bac57"

strip-bom@^3.0.0:
  version "3.0.0"
  resolved "https://registry.yarnpkg.com/strip-bom/-/strip-bom-3.0.0.tgz#2334c18e9c759f7bdd56fdef7e9ae3d588e68ed3"

validate-npm-package-license@^3.0.1:
  version "3.0.1"
  resolved "https://registry.yarnpkg.com/validate-npm-package-license/-/validate-npm-package-license-3.0.1.tgz#2804babe712ad3379459acfbe24746ab2c303fbc"
  dependencies:
    spdx-correct "~1.0.0"
    spdx-expression-parse "~1.0.0"
